
Microsoft Visual Studio Solution File, Format Version 12.00
# Visual Studio Version 17
VisualStudioVersion = 17.14.36811.4 d17.14
MinimumVisualStudioVersion = 10.0.40219.1
Project("{FAE04EC0-301F-11D3-BF4B-00C04F79EFBC}") = "NoTallMounts", "NoTallMounts.csproj", "{A8A4D2F4-4834-45DC-AC7B-C5DB7DFF6ECF}"
EndProject
Global
	GlobalSection(SolutionConfigurationPlatforms) = preSolution
		Debug|Any CPU = Debug|Any CPU
		Release|Any CPU = Release|Any CPU
	EndGlobalSection
	GlobalSection(ProjectConfigurationPlatforms) = postSolution
		{A8A4D2F4-4834-45DC-AC7B-C5DB7DFF6ECF}.Debug|Any CPU.ActiveCfg = Debug|Any CPU
		{A8A4D2F4-4834-45DC-AC7B-C5DB7DFF6ECF}.Debug|Any CPU.Build.0 = Debug|Any CPU
		{A8A4D2F4-4834-45DC-AC7B-C5DB7DFF6ECF}.Release|Any CPU.ActiveCfg = Release|Any CPU
		{A8A4D2F4-4834-45DC-AC7B-C5DB7DFF6ECF}.Release|Any CPU.Build.0 = Release|Any CPU
	EndGlobalSection
	GlobalSection(SolutionProperties) = preSolution
		HideSolutionNode = FALSE
	EndGlobalSection
	GlobalSection(ExtensibilityGlobals) = postSolution
		SolutionGuid = {CBF3E3E4-1ACF-4290-AA8D-E31EA7F1DDD1}
	EndGlobalSection
EndGlobal
